
Microsoft Visual Studio Solution File, Format Version 12.00
# Visual Studio Version 17
VisualStudioVersion = 17.4.33213.308
MinimumVisualStudioVersion = 10.0.40219.1
Project("{FAE04EC0-301F-11D3-BF4B-00C04F79EFBC}") = "QixAnimationDemo", "QixAnimationDemo.csproj", "{9FB3CEC5-C14B-4EBE-A813-EEF617AC301E}"
EndProject
Global
	GlobalSection(SolutionConfigurationPlatforms) = preSolution
		Debug|Any CPU = Debug|Any CPU
		Release|Any CPU = Release|Any CPU
	EndGlobalSection
	GlobalSection(ProjectConfigurationPlatforms) = postSolution
		{9FB3CEC5-C14B-4EBE-A813-EEF617AC301E}.Debug|Any CPU.ActiveCfg = Debug|Any CPU
		{9FB3CEC5-C14B-4EBE-A813-EEF617AC301E}.Debug|Any CPU.Build.0 = Debug|Any CPU
		{9FB3CEC5-C14B-4EBE-A813-EEF617AC301E}.Release|Any CPU.ActiveCfg = Release|Any CPU
		{9FB3CEC5-C14B-4EBE-A813-EEF617AC301E}.Release|Any CPU.Build.0 = Release|Any CPU
	EndGlobalSection
	GlobalSection(SolutionProperties) = preSolution
		HideSolutionNode = FALSE
	EndGlobalSection
	GlobalSection(ExtensibilityGlobals) = postSolution
		SolutionGuid = {782E0DB8-07A6-43E6-BD18-16553A69FD40}
	EndGlobalSection
EndGlobal
